
Microsoft Visual Studio Solution File, Format Version 12.00
# Visual Studio 15
Project("{FAE04EC0-301F-11D3-BF4B-00C04F79EFBC}") = "Assembly-CSharp", "Assembly-CSharp.csproj", "{982FDD10-DA85-F3E7-4A6F-52025524C95B}"
EndProject
Project("{FAE04EC0-301F-11D3-BF4B-00C04F79EFBC}") = "Assembly-CSharp-Editor", "Assembly-CSharp-Editor.csproj", "{17C0E905-599A-81B7-7437-71F88B7719F1}"
EndProject
Global
	GlobalSection(SolutionConfigurationPlatforms) = preSolution
		Debug|Any CPU = Debug|Any CPU
		Release|Any CPU = Release|Any CPU
	EndGlobalSection
	GlobalSection(ProjectConfigurationPlatforms) = postSolution
		{982FDD10-DA85-F3E7-4A6F-52025524C95B}.Debug|Any CPU.ActiveCfg = Debug|Any CPU
		{982FDD10-DA85-F3E7-4A6F-52025524C95B}.Debug|Any CPU.Build.0 = Debug|Any CPU
		{982FDD10-DA85-F3E7-4A6F-52025524C95B}.Release|Any CPU.ActiveCfg = Release|Any CPU
		{982FDD10-DA85-F3E7-4A6F-52025524C95B}.Release|Any CPU.Build.0 = Release|Any CPU
		{17C0E905-599A-81B7-7437-71F88B7719F1}.Debug|Any CPU.ActiveCfg = Debug|Any CPU
		{17C0E905-599A-81B7-7437-71F88B7719F1}.Debug|Any CPU.Build.0 = Debug|Any CPU
		{17C0E905-599A-81B7-7437-71F88B7719F1}.Release|Any CPU.ActiveCfg = Release|Any CPU
		{17C0E905-599A-81B7-7437-71F88B7719F1}.Release|Any CPU.Build.0 = Release|Any CPU
	EndGlobalSection
	GlobalSection(SolutionProperties) = preSolution
		HideSolutionNode = FALSE
	EndGlobalSection
EndGlobal
